<?xml version="1.0" encoding="utf-8"?>
<Project ToolsVersion="4.0" xmlns="http://schemas.microsoft.com/developer/msbuild/2003">
  <ItemGroup>
    <Filter Include="Исходные файлы">
      <UniqueIdentifier>{4FC737F1-C7A5-4376-A066-2A32D752A2FF}</UniqueIdentifier>
      <Extensions>cpp;c;cc;cxx;def;odl;idl;hpj;bat;asm;asmx</Extensions>
    </Filter>
    <Filter Include="Файлы заголовков">
      <UniqueIdentifier>{93995380-89BD-4b04-88EB-625FBE52EBFB}</UniqueIdentifier>
      <Extensions>h;hh;hpp;hxx;hm;inl;inc;ipp;xsd</Extensions>
    </Filter>
    <Filter Include="Файлы ресурсов">
      <UniqueIdentifier>{67DA6AB6-F800-4c08-8B7A-83BB121AAD01}</UniqueIdentifier>
      <Extensions>rc;ico;cur;bmp;dlg;rc2;rct;bin;rgs;gif;jpg;jpeg;jpe;resx;tiff;tif;png;wav;mfcribbon-ms</Extensions>
    </Filter>
  </ItemGroup>
  <ItemGroup>
    <ClInclude Include="pch.h">
      <Filter>Файлы заголовков</Filter>
    </ClInclude>
    <ClInclude Include="AbstractModel.h">
      <Filter>Файлы заголовков</Filter>
    </ClInclude>
    <ClInclude Include="AdvecDiffReacSDA.h">
      <Filter>Файлы заголовков</Filter>
    </ClInclude>
    <ClInclude Include="AdvecDiffusDG_SDA.h">
      <Filter>Файлы заголовков</Filter>
    </ClInclude>
    <ClInclude Include="AdvectiveDiffusionSDA.h">
      <Filter>Файлы заголовков</Filter>
    </ClInclude>
    <ClInclude Include="AdvectiveDiffusionSDAplusSUPG.h">
      <Filter>Файлы заголовков</Filter>
    </ClInclude>
    <ClInclude Include="basisFunction.h">
      <Filter>Файлы заголовков</Filter>
    </ClInclude>
    <ClInclude Include="basisLagrangeQuad.h">
      <Filter>Файлы заголовков</Filter>
    </ClInclude>
    <ClInclude Include="basisLagrangeTrg.h">
      <Filter>Файлы заголовков</Filter>
    </ClInclude>
    <ClInclude Include="coutObjects.h">
      <Filter>Файлы заголовков</Filter>
    </ClInclude>
    <ClInclude Include="CSR.h">
      <Filter>Файлы заголовков</Filter>
    </ClInclude>
    <ClInclude Include="DG_MP_AdvectDiffReact.h">
      <Filter>Файлы заголовков</Filter>
    </ClInclude>
    <ClInclude Include="input_output.h">
      <Filter>Файлы заголовков</Filter>
    </ClInclude>
    <ClInclude Include="launchOOP.h">
      <Filter>Файлы заголовков</Filter>
    </ClInclude>
    <ClInclude Include="Mesh.h">
      <Filter>Файлы заголовков</Filter>
    </ClInclude>
    <ClInclude Include="mesh_trg.h">
      <Filter>Файлы заголовков</Filter>
    </ClInclude>
    <ClInclude Include="MKL.h">
      <Filter>Файлы заголовков</Filter>
    </ClInclude>
    <ClInclude Include="MP1biquadAS.h">
      <Filter>Файлы заголовков</Filter>
    </ClInclude>
    <ClInclude Include="MP2withBndryLayers.h">
      <Filter>Файлы заголовков</Filter>
    </ClInclude>
    <ClInclude Include="MP3SinglrtyOnBndry.h">
      <Filter>Файлы заголовков</Filter>
    </ClInclude>
    <ClInclude Include="MP4withConstBC1.h">
      <Filter>Файлы заголовков</Filter>
    </ClInclude>
    <ClInclude Include="MP5withConstBC1on2bndrs.h">
      <Filter>Файлы заголовков</Filter>
    </ClInclude>
    <ClInclude Include="MP6DGwithSinglrtyAndDiscAS.h">
      <Filter>Файлы заголовков</Filter>
    </ClInclude>
    <ClInclude Include="MP7withBndryLayer.h">
      <Filter>Файлы заголовков</Filter>
    </ClInclude>
    <ClInclude Include="MP8constSource.h">
      <Filter>Файлы заголовков</Filter>
    </ClInclude>
    <ClInclude Include="Problem_DG.h">
      <Filter>Файлы заголовков</Filter>
    </ClInclude>
    <ClInclude Include="profile.h">
      <Filter>Файлы заголовков</Filter>
    </ClInclude>
    <ClInclude Include="RP1_filterInPorousMedia.h">
      <Filter>Файлы заголовков</Filter>
    </ClInclude>
    <ClInclude Include="SolutionBoundaryConditionDerichlet.h">
      <Filter>Файлы заголовков</Filter>
    </ClInclude>
    <ClInclude Include="SolutionCreater.h">
      <Filter>Файлы заголовков</Filter>
    </ClInclude>
    <ClInclude Include="SolutionCreaterCG.h">
      <Filter>Файлы заголовков</Filter>
    </ClInclude>
    <ClInclude Include="SolutionCreaterDG.h">
      <Filter>Файлы заголовков</Filter>
    </ClInclude>
    <ClInclude Include="SolutionDiscreteAnalog.h">
      <Filter>Файлы заголовков</Filter>
    </ClInclude>
    <ClInclude Include="SolutionDiscreteAnalogCG.h">
      <Filter>Файлы заголовков</Filter>
    </ClInclude>
    <ClInclude Include="SolutionDiscreteAnalogDG.h">
      <Filter>Файлы заголовков</Filter>
    </ClInclude>
    <ClInclude Include="SolutionDiscreteAnalogFactory.h">
      <Filter>Файлы заголовков</Filter>
    </ClInclude>
    <ClInclude Include="SolutionDiscreteAnalogFactoryCG.h">
      <Filter>Файлы заголовков</Filter>
    </ClInclude>
    <ClInclude Include="SolutionDiscreteAnalogFactoryDG.h">
      <Filter>Файлы заголовков</Filter>
    </ClInclude>
    <ClInclude Include="Solvers.h">
      <Filter>Файлы заголовков</Filter>
    </ClInclude>
    <ClInclude Include="structures.h">
      <Filter>Файлы заголовков</Filter>
    </ClInclude>
    <ClInclude Include="targetver.h">
      <Filter>Файлы заголовков</Filter>
    </ClInclude>
    <ClInclude Include="TimeDepSolutionCreaterCG.h">
      <Filter>Файлы заголовков</Filter>
    </ClInclude>
    <ClInclude Include="VectorMathOperations.h">
      <Filter>Файлы заголовков</Filter>
    </ClInclude>
  </ItemGroup>
  <ItemGroup>
    <ClCompile Include="pch.cpp">
      <Filter>Исходные файлы</Filter>
    </ClCompile>
    <ClCompile Include="CourseWork.cpp">
      <Filter>Исходные файлы</Filter>
    </ClCompile>
    <ClCompile Include="AbstractModel.cpp">
      <Filter>Исходные файлы</Filter>
    </ClCompile>
    <ClCompile Include="AdvecDiffReacSDA.cpp">
      <Filter>Исходные файлы</Filter>
    </ClCompile>
    <ClCompile Include="AdvecDiffusDG_SDA.cpp">
      <Filter>Исходные файлы</Filter>
    </ClCompile>
    <ClCompile Include="AdvectiveDiffusionSDA.cpp">
      <Filter>Исходные файлы</Filter>
    </ClCompile>
    <ClCompile Include="AdvectiveDiffusionSDAplusSUPG.cpp">
      <Filter>Исходные файлы</Filter>
    </ClCompile>
    <ClCompile Include="basisFunction.cpp">
      <Filter>Исходные файлы</Filter>
    </ClCompile>
    <ClCompile Include="basisLagrangeQuad.cpp">
      <Filter>Исходные файлы</Filter>
    </ClCompile>
    <ClCompile Include="basisLagrangeTrg.cpp">
      <Filter>Исходные файлы</Filter>
    </ClCompile>
    <ClCompile Include="coutObjects.cpp">
      <Filter>Исходные файлы</Filter>
    </ClCompile>
    <ClCompile Include="CSR.cpp">
      <Filter>Исходные файлы</Filter>
    </ClCompile>
    <ClCompile Include="DG_MP_AdvectDiffReact.cpp">
      <Filter>Исходные файлы</Filter>
    </ClCompile>
    <ClCompile Include="input_output.cpp">
      <Filter>Исходные файлы</Filter>
    </ClCompile>
    <ClCompile Include="launchOOP.cpp">
      <Filter>Исходные файлы</Filter>
    </ClCompile>
    <ClCompile Include="Mesh.cpp">
      <Filter>Исходные файлы</Filter>
    </ClCompile>
    <ClCompile Include="mesh_trg.cpp">
      <Filter>Исходные файлы</Filter>
    </ClCompile>
    <ClCompile Include="MP1biquadAS.cpp">
      <Filter>Исходные файлы</Filter>
    </ClCompile>
    <ClCompile Include="MP2withBndryLayers.cpp">
      <Filter>Исходные файлы</Filter>
    </ClCompile>
    <ClCompile Include="MP3SinglrtyOnBndry.cpp">
      <Filter>Исходные файлы</Filter>
    </ClCompile>
    <ClCompile Include="MP4withConstBC1.cpp">
      <Filter>Исходные файлы</Filter>
    </ClCompile>
    <ClCompile Include="MP5withConstBC1on2bndrs.cpp">
      <Filter>Исходные файлы</Filter>
    </ClCompile>
    <ClCompile Include="MP6DGwithSinglrtyAndDiscAS.cpp">
      <Filter>Исходные файлы</Filter>
    </ClCompile>
    <ClCompile Include="MP7withBndryLayer.cpp">
      <Filter>Исходные файлы</Filter>
    </ClCompile>
    <ClCompile Include="MP8constSource.cpp">
      <Filter>Исходные файлы</Filter>
    </ClCompile>
    <ClCompile Include="RP1_filterInPorousMedia.cpp">
      <Filter>Исходные файлы</Filter>
    </ClCompile>
    <ClCompile Include="SolutionCreater.cpp">
      <Filter>Исходные файлы</Filter>
    </ClCompile>
    <ClCompile Include="SolutionCreaterCG.cpp">
      <Filter>Исходные файлы</Filter>
    </ClCompile>
    <ClCompile Include="SolutionCreaterDG.cpp">
      <Filter>Исходные файлы</Filter>
    </ClCompile>
    <ClCompile Include="SolutionDiscreteAnalog.cpp">
      <Filter>Исходные файлы</Filter>
    </ClCompile>
    <ClCompile Include="SolutionDiscreteAnalogCG.cpp">
      <Filter>Исходные файлы</Filter>
    </ClCompile>
    <ClCompile Include="SolutionDiscreteAnalogDG.cpp">
      <Filter>Исходные файлы</Filter>
    </ClCompile>
    <ClCompile Include="SolutionDiscreteAnalogFactory.cpp">
      <Filter>Исходные файлы</Filter>
    </ClCompile>
    <ClCompile Include="SolutionDiscreteAnalogFactoryCG.cpp">
      <Filter>Исходные файлы</Filter>
    </ClCompile>
    <ClCompile Include="SolutionDiscreteAnalogFactoryDG.cpp">
      <Filter>Исходные файлы</Filter>
    </ClCompile>
    <ClCompile Include="Solvers.cpp">
      <Filter>Исходные файлы</Filter>
    </ClCompile>
    <ClCompile Include="structures.cpp">
      <Filter>Исходные файлы</Filter>
    </ClCompile>
    <ClCompile Include="TimeDepSolutionCreaterCG.cpp">
      <Filter>Исходные файлы</Filter>
    </ClCompile>
    <ClCompile Include="VectorMathOperations.cpp">
      <Filter>Исходные файлы</Filter>
    </ClCompile>
  </ItemGroup>
  <ItemGroup>
    <None Include="libiomp5md.dll" />
    <None Include="Title_FEM" />
  </ItemGroup>
</Project>